# This file was autogenerated by Stack.
# You should not edit this file by hand.
# For more information, please see the documentation at:
#   https://docs.haskellstack.org/en/stable/lock_files

packages:
- completed:
    hackage: logging-3.0.5@sha256:88096d3124fce9a19af3720f751e1a354d866ed5030d2e5197238d2277cdb2f2,2374
    pantry-tree:
      sha256: 35c4c46138a30e516c2f27dfc51a993e7d7946af0de1a826f18b71a854c2da21
      size: 264
  original:
    hackage: logging-3.0.5@sha256:88096d3124fce9a19af3720f751e1a354d866ed5030d2e5197238d2277cdb2f2,2374
snapshots:
- completed:
    sha256: 6f0bea3ba5b07360f25bc886e8cff8d847767557a492a6f7f6dcb06e3cc79ee9
    size: 712905
    url: https://raw.githubusercontent.com/commercialhaskell/stackage-snapshots/master/lts/22/13.yaml
  original: lts-22.13
